{
  "nodes": {
    "flake-utils": {
      "locked": {
        "lastModified": 1601282935,
        "narHash": "sha256-WQAFV6sGGQxrRs3a+/Yj9xUYvhTpukQJIcMbIi7LCJ4=",
        "owner": "numtide",
        "repo": "flake-utils",
        "rev": "588973065fce51f4763287f0fda87a174d78bf48",
        "type": "github"
      },
      "original": {
        "owner": "numtide",
        "repo": "flake-utils",
        "type": "github"
      }
    },
    "naersk": {
      "inputs": {
        "nixpkgs": [
          "nixpkgs"
        ]
      },
      "locked": {
        "lastModified": 1603963015,
        "narHash": "sha256-PcHlJHKu9Hj7tquEwh0vNdL2RoU4ocRtWZDvaYPzEpo=",
        "owner": "nmattia",
        "repo": "naersk",
        "rev": "d645515b7159c75087b3d51f23a68047c2c09699",
        "type": "github"
      },
      "original": {
        "owner": "nmattia",
        "repo": "naersk",
        "type": "github"
      }
    },
    "nixpkgs": {
      "locked": {
        "lastModified": 1607522989,
        "narHash": "sha256-o/jWhOSAlaK7y2M57OIriRt6whuVVocS/T0mG7fd1TI=",
        "owner": "NixOS",
        "repo": "nixpkgs",
        "rev": "e9158eca70ae59e73fae23be5d13d3fa0cfc78b4",
        "type": "github"
      },
      "original": {
        "owner": "NixOS",
        "ref": "nixos-unstable",
        "repo": "nixpkgs",
        "type": "github"
      }
    },
    "root": {
      "inputs": {
        "flake-utils": "flake-utils",
        "naersk": "naersk",
        "nixpkgs": "nixpkgs"
      }
    }
  },
  "root": "root",
  "version": 7
}
